// !$*UTF8*$!
{
	archiveVersion = 1;
	classes = {
	};
	objectVersion = 48;
	objects = {

/* Begin PBXBuildFile section */
		A2E632421FAB0FDF00EFBA1B /* AppDelegate.swift in Sources */ = {isa = PBXBuildFile; fileRef = A2E632411FAB0FDF00EFBA1B /* AppDelegate.swift */; };
		A2E632441FAB0FDF00EFBA1B /* ViewController.swift in Sources */ = {isa = PBXBuildFile; fileRef = A2E632431FAB0FDF00EFBA1B /* ViewController.swift */; };
		A2E632471FAB0FDF00EFBA1B /* Main.storyboard in Resources */ = {isa = PBXBuildFile; fileRef = A2E632451FAB0FDF00EFBA1B /* Main.storyboard */; };
		A2E6324A1FAB0FDF00EFBA1B /* CoreDataTableView.xcdatamodeld in Sources */ = {isa = PBXBuildFile; fileRef = A2E632481FAB0FDF00EFBA1B /* CoreDataTableView.xcdatamodeld */; };
		A2E6324C1FAB0FDF00EFBA1B /* Assets.xcassets in Resources */ = {isa = PBXBuildFile; fileRef = A2E6324B1FAB0FDF00EFBA1B /* Assets.xcassets */; };
		A2E6324F1FAB0FE000EFBA1B /* LaunchScreen.storyboard in Resources */ = {isa = PBXBuildFile; fileRef = A2E6324D1FAB0FE000EFBA1B /* LaunchScreen.storyboard */; };
/* End PBXBuildFile section */

/* Begin PBXFileReference section */
		A2E6323E1FAB0FDF00EFBA1B /* CoreDataTableView.app */ = {isa = PBXFileReference; explicitFileType = wrapper.application; includeInIndex = 0; path = CoreDataTableView.app; sourceTree = BUILT_PRODUCTS_DIR; };
		A2E632411FAB0FDF00EFBA1B /* AppDelegate.swift */ = {isa = PBXFileReference; lastKnownFileType = sourcecode.swift; path = AppDelegate.swift; sourceTree = "<group>"; };
		A2E632431FAB0FDF00EFBA1B /* ViewController.swift */ = {isa = PBXFileReference; lastKnownFileType = sourcecode.swift; path = ViewController.swift; sourceTree = "<group>"; };
		A2E632461FAB0FDF00EFBA1B /* Base */ = {isa = PBXFileReference; lastKnownFileType = file.storyboard; name = Base; path = Base.lproj/Main.storyboard; sourceTree = "<group>"; };
		A2E632491FAB0FDF00EFBA1B /* CoreDataTableView.xcdatamodel */ = {isa = PBXFileReference; lastKnownFileType = wrapper.xcdatamodel; path = CoreDataTableView.xcdatamodel; sourceTree = "<group>"; };
		A2E6324B1FAB0FDF00EFBA1B /* Assets.xcassets */ = {isa = PBXFileReference; lastKnownFileType = folder.assetcatalog; path = Assets.xcassets; sourceTree = "<group>"; };
		A2E6324E1FAB0FE000EFBA1B /* Base */ = {isa = PBXFileReference; lastKnownFileType = file.storyboard; name = Base; path = Base.lproj/LaunchScreen.storyboard; sourceTree = "<group>"; };
		A2E632501FAB0FE000EFBA1B /* Info.plist */ = {isa = PBXFileReference; lastKnownFileType = text.plist.xml; path = Info.plist; sourceTree = "<group>"; };
/* End PBXFileReference section */

/* Begin PBXFrameworksBuildPhase section */
		A2E6323B1FAB0FDF00EFBA1B /* Frameworks */ = {
			isa = PBXFrameworksBuildPhase;
			buildActionMask = 2147483647;
			files = (
			);
			runOnlyForDeploymentPostprocessing = 0;
		};
/* End PBXFrameworksBuildPhase section */

/* Begin PBXGroup section */
		A2E632351FAB0FDF00EFBA1B = {
			isa = PBXGroup;
			children = (
				A2E632401FAB0FDF00EFBA1B /* CoreDataTableView */,
				A2E6323F1FAB0FDF00EFBA1B /* Products */,
			);
			sourceTree = "<group>";
		};
		A2E6323F1FAB0FDF00EFBA1B /* Products */ = {
			isa = PBXGroup;
			children = (
				A2E6323E1FAB0FDF00EFBA1B /* CoreDataTableView.app */,
			);
			name = Products;
			sourceTree = "<group>";
		};
		A2E632401FAB0FDF00EFBA1B /* CoreDataTableView */ = {
			isa = PBXGroup;
			children = (
				A2E632411FAB0FDF00EFBA1B /* AppDelegate.swift */,
				A2E632431FAB0FDF00EFBA1B /* ViewController.swift */,
				A2E632451FAB0FDF00EFBA1B /* Main.storyboard */,
				A2E6324B1FAB0FDF00EFBA1B /* Assets.xcassets */,
				A2E6324D1FAB0FE000EFBA1B /* LaunchScreen.storyboard */,
				A2E632501FAB0FE000EFBA1B /* Info.plist */,
				A2E632481FAB0FDF00EFBA1B /* CoreDataTableView.xcdatamodeld */,
			);
			path = CoreDataTableView;
			sourceTree = "<group>";
		};
/* End PBXGroup section */

/* Begin PBXNativeTarget section */
		A2E6323D1FAB0FDF00EFBA1B /* CoreDataTableView */ = {
			isa = PBXNativeTarget;
			buildConfigurationList = A2E632531FAB0FE000EFBA1B /* Build configuration list for PBXNativeTarget "CoreDataTableView" */;
			buildPhases = (
				A2E6323A1FAB0FDF00EFBA1B /* Sources */,
				A2E6323B1FAB0FDF00EFBA1B /* Frameworks */,
				A2E6323C1FAB0FDF00EFBA1B /* Resources */,
			);
			buildRules = (
			);
			dependencies = (
			);
			name = CoreDataTableView;
			productName = CoreDataTableView;
			productReference = A2E6323E1FAB0FDF00EFBA1B /* CoreDataTableView.app */;
			productType = "com.apple.product-type.application";
		};
/* End PBXNativeTarget section */

/* Begin PBXProject section */
		A2E632361FAB0FDF00EFBA1B /* Project object */ = {
			isa = PBXProject;
			attributes = {
				LastSwiftUpdateCheck = 0900;
				LastUpgradeCheck = 0900;
				ORGANIZATIONNAME = NAVRUZ;
				TargetAttributes = {
					A2E6323D1FAB0FDF00EFBA1B = {
						CreatedOnToolsVersion = 9.0;
						ProvisioningStyle = Automatic;
					};
				};
			};
			buildConfigurationList = A2E632391FAB0FDF00EFBA1B /* Build configuration list for PBXProject "CoreDataTableView" */;
			compatibilityVersion = "Xcode 8.0";
			developmentRegion = en;
			hasScannedForEncodings = 0;
			knownRegions = (
				en,
				Base,
			);
			mainGroup = A2E632351FAB0FDF00EFBA1B;
			productRefGroup = A2E6323F1FAB0FDF00EFBA1B /* Products */;
			projectDirPath = "";
			projectRoot = "";
			targets = (
				A2E6323D1FAB0FDF00EFBA1B /* CoreDataTableView */,
			);
		};
/* End PBXProject section */

/* Begin PBXResourcesBuildPhase section */
		A2E6323C1FAB0FDF00EFBA1B /* Resources */ = {
			isa = PBXResourcesBuildPhase;
			buildActionMask = 2147483647;
			files = (
				A2E6324F1FAB0FE000EFBA1B /* LaunchScreen.storyboard in Resources */,
				A2E6324C1FAB0FDF00EFBA1B /* Assets.xcassets in Resources */,
				A2E632471FAB0FDF00EFBA1B /* Main.storyboard in Resources */,
			);
			runOnlyForDeploymentPostprocessing = 0;
		};
/* End PBXResourcesBuildPhase section */

/* Begin PBXSourcesBuildPhase section */
		A2E6323A1FAB0FDF00EFBA1B /* Sources */ = {
			isa = PBXSourcesBuildPhase;
			buildActionMask = 2147483647;
			files = (
				A2E632441FAB0FDF00EFBA1B /* ViewController.swift in Sources */,
				A2E6324A1FAB0FDF00EFBA1B /* CoreDataTableView.xcdatamodeld in Sources */,
				A2E632421FAB0FDF00EFBA1B /* AppDelegate.swift in Sources */,
			);
			runOnlyForDeploymentPostprocessing = 0;
		};
/* End PBXSourcesBuildPhase section */

/* Begin PBXVariantGroup section */
		A2E632451FAB0FDF00EFBA1B /* Main.storyboard */ = {
			isa = PBXVariantGroup;
			children = (
				A2E632461FAB0FDF00EFBA1B /* Base */,
			);
			name = Main.storyboard;
			sourceTree = "<group>";
		};
		A2E6324D1FAB0FE000EFBA1B /* LaunchScreen.storyboard */ = {
			isa = PBXVariantGroup;
			children = (
				A2E6324E1FAB0FE000EFBA1B /* Base */,
			);
			name = LaunchScreen.storyboard;
			sourceTree = "<group>";
		};
/* End PBXVariantGroup section */

/* Begin XCBuildConfiguration section */
		A2E632511FAB0FE000EFBA1B /* Debug */ = {
			isa = XCBuildConfiguration;
			buildSettings = {
				ALWAYS_SEARCH_USER_PATHS = NO;
				CLANG_ANALYZER_NONNULL = YES;
				CLANG_ANALYZER_NUMBER_OBJECT_CONVERSION = YES_AGGRESSIVE;
				CLANG_CXX_LANGUAGE_STANDARD = "gnu++14";
				CLANG_CXX_LIBRARY = "libc++";
				CLANG_ENABLE_MODULES = YES;
				CLANG_ENABLE_OBJC_ARC = YES;
				CLANG_WARN_BLOCK_CAPTURE_AUTORELEASING = YES;
				CLANG_WARN_BOOL_CONVERSION = YES;
				CLANG_WARN_COMMA = YES;
				CLANG_WARN_CONSTANT_CONVERSION = YES;
				CLANG_WARN_DIRECT_OBJC_ISA_USAGE = YES_ERROR;
				CLANG_WARN_DOCUMENTATION_COMMENTS = YES;
				CLANG_WARN_EMPTY_BODY = YES;
				CLANG_WARN_ENUM_CONVERSION = YES;
				CLANG_WARN_INFINITE_RECURSION = YES;
				CLANG_WARN_INT_CONVERSION = YES;
				CLANG_WARN_NON_LITERAL_NULL_CONVERSION = YES;
				CLANG_WARN_OBJC_LITERAL_CONVERSION = YES;
				CLANG_WARN_OBJC_ROOT_CLASS = YES_ERROR;
				CLANG_WARN_RANGE_LOOP_ANALYSIS = YES;
				CLANG_WARN_STRICT_PROTOTYPES = YES;
				CLANG_WARN_SUSPICIOUS_MOVE = YES;
				CLANG_WARN_UNGUARDED_AVAILABILITY = YES_AGGRESSIVE;
				CLANG_WARN_UNREACHABLE_CODE = YES;
				CLANG_WARN__DUPLICATE_METHOD_MATCH = YES;
				CODE_SIGN_IDENTITY = "iPhone Developer";
				COPY_PHASE_STRIP = NO;
				DEBUG_INFORMATION_FORMAT = dwarf;
				ENABLE_STRICT_OBJC_MSGSEND = YES;
				ENABLE_TESTABILITY = YES;
				GCC_C_LANGUAGE_STANDARD = gnu11;
				GCC_DYNAMIC_NO_PIC = NO;
				GCC_NO_COMMON_BLOCKS = YES;
				GCC_OPTIMIZATION_LEVEL = 0;
				GCC_PREPROCESSOR_DEFINITIONS = (
					"DEBUG=1",
					"$(inherited)",
				);
				GCC_WARN_64_TO_32_BIT_CONVERSION = YES;
				GCC_WARN_ABOUT_RETURN_TYPE = YES_ERROR;
				GCC_WARN_UNDECLARED_SELECTOR = YES;
				GCC_WARN_UNINITIALIZED_AUTOS = YES_AGGRESSIVE;
				GCC_WARN_UNUSED_FUNCTION = YES;
				GCC_WARN_UNUSED_VARIABLE = YES;
				IPHONEOS_DEPLOYMENT_TARGET = 11.0;
				MTL_ENABLE_DEBUG_INFO = YES;
				ONLY_ACTIVE_ARCH = YES;
				SDKROOT = iphoneos;
				SWIFT_ACTIVE_COMPILATION_CONDITIONS = DEBUG;
				SWIFT_OPTIMIZATION_LEVEL = "-Onone";
			};
			name = Debug;
		};
		A2E632521FAB0FE000EFBA1B /* Release */ = {
			isa = XCBuildConfiguration;
			buildSettings = {
				ALWAYS_SEARCH_USER_PATHS = NO;
				CLANG_ANALYZER_NONNULL = YES;
				CLANG_ANALYZER_NUMBER_OBJECT_CONVERSION = YES_AGGRESSIVE;
				CLANG_CXX_LANGUAGE_STANDARD = "gnu++14";
				CLANG_CXX_LIBRARY = "libc++";
				CLANG_ENABLE_MODULES = YES;
				CLANG_ENABLE_OBJC_ARC = YES;
				CLANG_WARN_BLOCK_CAPTURE_AUTORELEASING = YES;
				CLANG_WARN_BOOL_CONVERSION = YES;
				CLANG_WARN_COMMA = YES;
				CLANG_WARN_CONSTANT_CONVERSION = YES;
				CLANG_WARN_DIRECT_OBJC_ISA_USAGE = YES_ERROR;
				CLANG_WARN_DOCUMENTATION_COMMENTS = YES;
				CLANG_WARN_EMPTY_BODY = YES;
				CLANG_WARN_ENUM_CONVERSION = YES;
				CLANG_WARN_INFINITE_RECURSION = YES;
				CLANG_WARN_INT_CONVERSION = YES;
				CLANG_WARN_NON_LITERAL_NULL_CONVERSION = YES;
				CLANG_WARN_OBJC_LITERAL_CONVERSION = YES;
				CLANG_WARN_OBJC_ROOT_CLASS = YES_ERROR;
				CLANG_WARN_RANGE_LOOP_ANALYSIS = YES;
				CLANG_WARN_STRICT_PROTOTYPES = YES;
				CLANG_WARN_SUSPICIOUS_MOVE = YES;
				CLANG_WARN_UNGUARDED_AVAILABILITY = YES_AGGRESSIVE;
				CLANG_WARN_UNREACHABLE_CODE = YES;
				CLANG_WARN__DUPLICATE_METHOD_MATCH = YES;
				CODE_SIGN_IDENTITY = "iPhone Developer";
				COPY_PHASE_STRIP = NO;
				DEBUG_INFORMATION_FORMAT = "dwarf-with-dsym";
				ENABLE_NS_ASSERTIONS = NO;
				ENABLE_STRICT_OBJC_MSGSEND = YES;
				GCC_C_LANGUAGE_STANDARD = gnu11;
				GCC_NO_COMMON_BLOCKS = YES;
				GCC_WARN_64_TO_32_BIT_CONVERSION = YES;
				GCC_WARN_ABOUT_RETURN_TYPE = YES_ERROR;
				GCC_WARN_UNDECLARED_SELECTOR = YES;
				GCC_WARN_UNINITIALIZED_AUTOS = YES_AGGRESSIVE;
				GCC_WARN_UNUSED_FUNCTION = YES;
				GCC_WARN_UNUSED_VARIABLE = YES;
				IPHONEOS_DEPLOYMENT_TARGET = 11.0;
				MTL_ENABLE_DEBUG_INFO = NO;
				SDKROOT = iphoneos;
				SWIFT_OPTIMIZATION_LEVEL = "-Owholemodule";
				VALIDATE_PRODUCT = YES;
			};
			name = Release;
		};
		A2E632541FAB0FE000EFBA1B /* Debug */ = {
			isa = XCBuildConfiguration;
			buildSettings = {
				ASSETCATALOG_COMPILER_APPICON_NAME = AppIcon;
				CODE_SIGN_STYLE = Automatic;
				INFOPLIST_FILE = CoreDataTableView/Info.plist;
				LD_RUNPATH_SEARCH_PATHS = "$(inherited) @executable_path/Frameworks";
				PRODUCT_BUNDLE_IDENTIFIER = com.nakhmedov.CoreDataTableView;
				PRODUCT_NAME = "$(TARGET_NAME)";
				SWIFT_VERSION = 4.0;
				TARGETED_DEVICE_FAMILY = "1,2";
			};
			name = Debug;
		};
		A2E632551FAB0FE000EFBA1B /* Release */ = {
			isa = XCBuildConfiguration;
			buildSettings = {
				ASSETCATALOG_COMPILER_APPICON_NAME = AppIcon;
				CODE_SIGN_STYLE = Automatic;
				INFOPLIST_FILE = CoreDataTableView/Info.plist;
				LD_RUNPATH_SEARCH_PATHS = "$(inherited) @executable_path/Frameworks";
				PRODUCT_BUNDLE_IDENTIFIER = com.nakhmedov.CoreDataTableView;
				PRODUCT_NAME = "$(TARGET_NAME)";
				SWIFT_VERSION = 4.0;
				TARGETED_DEVICE_FAMILY = "1,2";
			};
			name = Release;
		};
/* End XCBuildConfiguration section */

/* Begin XCConfigurationList section */
		A2E632391FAB0FDF00EFBA1B /* Build configuration list for PBXProject "CoreDataTableView" */ = {
			isa = XCConfigurationList;
			buildConfigurations = (
				A2E632511FAB0FE000EFBA1B /* Debug */,
				A2E632521FAB0FE000EFBA1B /* Release */,
			);
			defaultConfigurationIsVisible = 0;
			defaultConfigurationName = Release;
		};
		A2E632531FAB0FE000EFBA1B /* Build configuration list for PBXNativeTarget "CoreDataTableView" */ = {
			isa = XCConfigurationList;
			buildConfigurations = (
				A2E632541FAB0FE000EFBA1B /* Debug */,
				A2E632551FAB0FE000EFBA1B /* Release */,
			);
			defaultConfigurationIsVisible = 0;
			defaultConfigurationName = Release;
		};
/* End XCConfigurationList section */

/* Begin XCVersionGroup section */
		A2E632481FAB0FDF00EFBA1B /* CoreDataTableView.xcdatamodeld */ = {
			isa = XCVersionGroup;
			children = (
				A2E632491FAB0FDF00EFBA1B /* CoreDataTableView.xcdatamodel */,
			);
			currentVersion = A2E632491FAB0FDF00EFBA1B /* CoreDataTableView.xcdatamodel */;
			path = CoreDataTableView.xcdatamodeld;
			sourceTree = "<group>";
			versionGroupType = wrapper.xcdatamodel;
		};
/* End XCVersionGroup section */
	};
	rootObject = A2E632361FAB0FDF00EFBA1B /* Project object */;
}
